
Microsoft Visual Studio Solution File, Format Version 12.00
# Visual Studio 15
VisualStudioVersion = 15.0.28307.489
MinimumVisualStudioVersion = 10.0.40219.1
Project("{FAE04EC0-301F-11D3-BF4B-00C04F79EFBC}") = "Парс", "Парс\Парс.csproj", "{47524E67-4857-4D9F-8087-18871F079832}"
EndProject
Global
	GlobalSection(SolutionConfigurationPlatforms) = preSolution
		Debug|Any CPU = Debug|Any CPU
		Release|Any CPU = Release|Any CPU
	EndGlobalSection
	GlobalSection(ProjectConfigurationPlatforms) = postSolution
		{47524E67-4857-4D9F-8087-18871F079832}.Debug|Any CPU.ActiveCfg = Debug|Any CPU
		{47524E67-4857-4D9F-8087-18871F079832}.Debug|Any CPU.Build.0 = Debug|Any CPU
		{47524E67-4857-4D9F-8087-18871F079832}.Release|Any CPU.ActiveCfg = Release|Any CPU
		{47524E67-4857-4D9F-8087-18871F079832}.Release|Any CPU.Build.0 = Release|Any CPU
	EndGlobalSection
	GlobalSection(SolutionProperties) = preSolution
		HideSolutionNode = FALSE
	EndGlobalSection
	GlobalSection(ExtensibilityGlobals) = postSolution
		SolutionGuid = {2E13224C-6474-421E-BBCD-5732FC55B8BF}
	EndGlobalSection
EndGlobal
